
Microsoft Visual Studio Solution File, Format Version 12.00
# Visual Studio Version 16
VisualStudioVersion = 16.0.32510.428
MinimumVisualStudioVersion = 10.0.40219.1
Project("{FAE04EC0-301F-11D3-BF4B-00C04F79EFBC}") = "Demo-ASP", "Demo-ASP\Demo-ASP.csproj", "{74BB1A12-C093-44F5-BF13-DFF8507DDCD4}"
EndProject
Project("{FAE04EC0-301F-11D3-BF4B-00C04F79EFBC}") = "Demo-DAL", "Demo-DAL\Demo-DAL.csproj", "{E86279E4-6F0F-4194-AC81-6845D78C17BD}"
EndProject
Global
	GlobalSection(SolutionConfigurationPlatforms) = preSolution
		Debug|Any CPU = Debug|Any CPU
		Release|Any CPU = Release|Any CPU
	EndGlobalSection
	GlobalSection(ProjectConfigurationPlatforms) = postSolution
		{74BB1A12-C093-44F5-BF13-DFF8507DDCD4}.Debug|Any CPU.ActiveCfg = Debug|Any CPU
		{74BB1A12-C093-44F5-BF13-DFF8507DDCD4}.Debug|Any CPU.Build.0 = Debug|Any CPU
		{74BB1A12-C093-44F5-BF13-DFF8507DDCD4}.Release|Any CPU.ActiveCfg = Release|Any CPU
		{74BB1A12-C093-44F5-BF13-DFF8507DDCD4}.Release|Any CPU.Build.0 = Release|Any CPU
		{E86279E4-6F0F-4194-AC81-6845D78C17BD}.Debug|Any CPU.ActiveCfg = Debug|Any CPU
		{E86279E4-6F0F-4194-AC81-6845D78C17BD}.Debug|Any CPU.Build.0 = Debug|Any CPU
		{E86279E4-6F0F-4194-AC81-6845D78C17BD}.Release|Any CPU.ActiveCfg = Release|Any CPU
		{E86279E4-6F0F-4194-AC81-6845D78C17BD}.Release|Any CPU.Build.0 = Release|Any CPU
	EndGlobalSection
	GlobalSection(SolutionProperties) = preSolution
		HideSolutionNode = FALSE
	EndGlobalSection
	GlobalSection(ExtensibilityGlobals) = postSolution
		SolutionGuid = {7D1EE611-AFFE-4F83-8C28-2A85E45DE597}
	EndGlobalSection
EndGlobal
